
Microsoft Visual Studio Solution File, Format Version 12.00
# Visual Studio 15
VisualStudioVersion = 15.0.28010.2016
MinimumVisualStudioVersion = 10.0.40219.1
Project("{FAE04EC0-301F-11D3-BF4B-00C04F79EFBC}") = "Binary2Ascii", "Binary2Ascii\Binary2Ascii.csproj", "{57EA254C-B9A0-486B-816A-BE46933DE466}"
EndProject
Project("{FAE04EC0-301F-11D3-BF4B-00C04F79EFBC}") = "Binary2Ascii.Cmd", "Binary2Ascii.Cmd\Binary2Ascii.Cmd.csproj", "{299C1788-AC6A-4BEC-93B6-99D669F3A3B2}"
EndProject
Global
	GlobalSection(SolutionConfigurationPlatforms) = preSolution
		Debug|Any CPU = Debug|Any CPU
		Release|Any CPU = Release|Any CPU
	EndGlobalSection
	GlobalSection(ProjectConfigurationPlatforms) = postSolution
		{57EA254C-B9A0-486B-816A-BE46933DE466}.Debug|Any CPU.ActiveCfg = Debug|Any CPU
		{57EA254C-B9A0-486B-816A-BE46933DE466}.Debug|Any CPU.Build.0 = Debug|Any CPU
		{57EA254C-B9A0-486B-816A-BE46933DE466}.Release|Any CPU.ActiveCfg = Release|Any CPU
		{57EA254C-B9A0-486B-816A-BE46933DE466}.Release|Any CPU.Build.0 = Release|Any CPU
		{299C1788-AC6A-4BEC-93B6-99D669F3A3B2}.Debug|Any CPU.ActiveCfg = Debug|Any CPU
		{299C1788-AC6A-4BEC-93B6-99D669F3A3B2}.Debug|Any CPU.Build.0 = Debug|Any CPU
		{299C1788-AC6A-4BEC-93B6-99D669F3A3B2}.Release|Any CPU.ActiveCfg = Release|Any CPU
		{299C1788-AC6A-4BEC-93B6-99D669F3A3B2}.Release|Any CPU.Build.0 = Release|Any CPU
	EndGlobalSection
	GlobalSection(SolutionProperties) = preSolution
		HideSolutionNode = FALSE
	EndGlobalSection
	GlobalSection(ExtensibilityGlobals) = postSolution
		SolutionGuid = {2AC83B81-D296-4BD2-825D-C525AEF47069}
	EndGlobalSection
EndGlobal
